
Microsoft Visual Studio Solution File, Format Version 12.00
# Visual Studio Version 17
VisualStudioVersion = 17.6.33829.357
MinimumVisualStudioVersion = 10.0.40219.1
Project("{FAE04EC0-301F-11D3-BF4B-00C04F79EFBC}") = "Exo_AlgoClassiquesMethodes", "Exo_AlgoClassiquesMethodes\Exo_AlgoClassiquesMethodes.csproj", "{BE3951F4-8626-47EE-A74C-2E554E83AED9}"
EndProject
Global
	GlobalSection(SolutionConfigurationPlatforms) = preSolution
		Debug|Any CPU = Debug|Any CPU
		Release|Any CPU = Release|Any CPU
	EndGlobalSection
	GlobalSection(ProjectConfigurationPlatforms) = postSolution
		{BE3951F4-8626-47EE-A74C-2E554E83AED9}.Debug|Any CPU.ActiveCfg = Debug|Any CPU
		{BE3951F4-8626-47EE-A74C-2E554E83AED9}.Debug|Any CPU.Build.0 = Debug|Any CPU
		{BE3951F4-8626-47EE-A74C-2E554E83AED9}.Release|Any CPU.ActiveCfg = Release|Any CPU
		{BE3951F4-8626-47EE-A74C-2E554E83AED9}.Release|Any CPU.Build.0 = Release|Any CPU
	EndGlobalSection
	GlobalSection(SolutionProperties) = preSolution
		HideSolutionNode = FALSE
	EndGlobalSection
	GlobalSection(ExtensibilityGlobals) = postSolution
		SolutionGuid = {2987DD22-AA04-497E-BBAF-09FF15C7D07D}
	EndGlobalSection
EndGlobal
