
Microsoft Visual Studio Solution File, Format Version 12.00
# Visual Studio Version 17
VisualStudioVersion = 17.6.33829.357
MinimumVisualStudioVersion = 10.0.40219.1
Project("{FAE04EC0-301F-11D3-BF4B-00C04F79EFBC}") = "Exo1_ConversionFahrenheitCelsius", "Exo1_ConversionFahrenheitCelsius\Exo1_ConversionFahrenheitCelsius.csproj", "{FB348A43-8453-4155-A0B2-C9288A933E7E}"
EndProject
Project("{FAE04EC0-301F-11D3-BF4B-00C04F79EFBC}") = "Exo2_AireEtPerimetre", "Exo2_AireEtPerimetre\Exo2_AireEtPerimetre.csproj", "{DEEBEBCF-B0F7-4A05-AE97-D492E9921D31}"
EndProject
Global
	GlobalSection(SolutionConfigurationPlatforms) = preSolution
		Debug|Any CPU = Debug|Any CPU
		Release|Any CPU = Release|Any CPU
	EndGlobalSection
	GlobalSection(ProjectConfigurationPlatforms) = postSolution
		{FB348A43-8453-4155-A0B2-C9288A933E7E}.Debug|Any CPU.ActiveCfg = Debug|Any CPU
		{FB348A43-8453-4155-A0B2-C9288A933E7E}.Debug|Any CPU.Build.0 = Debug|Any CPU
		{FB348A43-8453-4155-A0B2-C9288A933E7E}.Release|Any CPU.ActiveCfg = Release|Any CPU
		{FB348A43-8453-4155-A0B2-C9288A933E7E}.Release|Any CPU.Build.0 = Release|Any CPU
		{DEEBEBCF-B0F7-4A05-AE97-D492E9921D31}.Debug|Any CPU.ActiveCfg = Debug|Any CPU
		{DEEBEBCF-B0F7-4A05-AE97-D492E9921D31}.Debug|Any CPU.Build.0 = Debug|Any CPU
		{DEEBEBCF-B0F7-4A05-AE97-D492E9921D31}.Release|Any CPU.ActiveCfg = Release|Any CPU
		{DEEBEBCF-B0F7-4A05-AE97-D492E9921D31}.Release|Any CPU.Build.0 = Release|Any CPU
	EndGlobalSection
	GlobalSection(SolutionProperties) = preSolution
		HideSolutionNode = FALSE
	EndGlobalSection
	GlobalSection(ExtensibilityGlobals) = postSolution
		SolutionGuid = {DDB82D33-9BC3-41E5-97F9-C7620CE3EDF2}
	EndGlobalSection
EndGlobal
