
Microsoft Visual Studio Solution File, Format Version 12.00
Project("{FAE04EC0-301F-11D3-BF4B-00C04F79EFBC}") = "Partie1-UnCompte", "Partie1-UnCompte\Partie1-UnCompte.csproj", "{B6169162-620F-444F-A365-3CD0FDE7AC9B}"
EndProject
Project("{FAE04EC0-301F-11D3-BF4B-00C04F79EFBC}") = "Partie2-GestionComptesAvecOperations", "Partie2-GestionComptesAvecOperations\Partie2-GestionComptesAvecOperations.csproj", "{665DCDDF-9AD9-40B9-877B-2D492B6455F7}"
EndProject
Global
	GlobalSection(SolutionConfigurationPlatforms) = preSolution
		Debug|Any CPU = Debug|Any CPU
		Release|Any CPU = Release|Any CPU
	EndGlobalSection
	GlobalSection(ProjectConfigurationPlatforms) = postSolution
		{B6169162-620F-444F-A365-3CD0FDE7AC9B}.Debug|Any CPU.ActiveCfg = Debug|Any CPU
		{B6169162-620F-444F-A365-3CD0FDE7AC9B}.Debug|Any CPU.Build.0 = Debug|Any CPU
		{B6169162-620F-444F-A365-3CD0FDE7AC9B}.Release|Any CPU.ActiveCfg = Release|Any CPU
		{B6169162-620F-444F-A365-3CD0FDE7AC9B}.Release|Any CPU.Build.0 = Release|Any CPU
		{665DCDDF-9AD9-40B9-877B-2D492B6455F7}.Debug|Any CPU.ActiveCfg = Debug|Any CPU
		{665DCDDF-9AD9-40B9-877B-2D492B6455F7}.Debug|Any CPU.Build.0 = Debug|Any CPU
		{665DCDDF-9AD9-40B9-877B-2D492B6455F7}.Release|Any CPU.ActiveCfg = Release|Any CPU
		{665DCDDF-9AD9-40B9-877B-2D492B6455F7}.Release|Any CPU.Build.0 = Release|Any CPU
	EndGlobalSection
EndGlobal
