
Microsoft Visual Studio Solution File, Format Version 12.00
Project("{FAE04EC0-301F-11D3-BF4B-00C04F79EFBC}") = "Partie1-UnCompte", "Partie1-UnCompte\Partie1-UnCompte.csproj", "{D0A907F3-2C25-44A9-A031-1016547F33BD}"
EndProject
Project("{FAE04EC0-301F-11D3-BF4B-00C04F79EFBC}") = "Partie2-DesComptes", "Partie2-DesComptes\Partie2-DesComptes.csproj", "{0EFD2CFB-B5D4-4D13-9ED1-F86791DE811F}"
EndProject
Global
	GlobalSection(SolutionConfigurationPlatforms) = preSolution
		Debug|Any CPU = Debug|Any CPU
		Release|Any CPU = Release|Any CPU
	EndGlobalSection
	GlobalSection(ProjectConfigurationPlatforms) = postSolution
		{D0A907F3-2C25-44A9-A031-1016547F33BD}.Debug|Any CPU.ActiveCfg = Debug|Any CPU
		{D0A907F3-2C25-44A9-A031-1016547F33BD}.Debug|Any CPU.Build.0 = Debug|Any CPU
		{D0A907F3-2C25-44A9-A031-1016547F33BD}.Release|Any CPU.ActiveCfg = Release|Any CPU
		{D0A907F3-2C25-44A9-A031-1016547F33BD}.Release|Any CPU.Build.0 = Release|Any CPU
		{0EFD2CFB-B5D4-4D13-9ED1-F86791DE811F}.Debug|Any CPU.ActiveCfg = Debug|Any CPU
		{0EFD2CFB-B5D4-4D13-9ED1-F86791DE811F}.Debug|Any CPU.Build.0 = Debug|Any CPU
		{0EFD2CFB-B5D4-4D13-9ED1-F86791DE811F}.Release|Any CPU.ActiveCfg = Release|Any CPU
		{0EFD2CFB-B5D4-4D13-9ED1-F86791DE811F}.Release|Any CPU.Build.0 = Release|Any CPU
	EndGlobalSection
EndGlobal
