
Microsoft Visual Studio Solution File, Format Version 12.00
# Visual Studio Version 17
VisualStudioVersion = 17.6.33829.357
MinimumVisualStudioVersion = 10.0.40219.1
Project("{9A19103F-16F7-4668-BE54-9A1E7A4F7556}") = "Exo_Loto", "Exo_Loto.csproj", "{3BDE1035-A827-4124-AE75-140006596E8E}"
EndProject
Global
	GlobalSection(SolutionConfigurationPlatforms) = preSolution
		Debug|Any CPU = Debug|Any CPU
		Release|Any CPU = Release|Any CPU
	EndGlobalSection
	GlobalSection(ProjectConfigurationPlatforms) = postSolution
		{3BDE1035-A827-4124-AE75-140006596E8E}.Debug|Any CPU.ActiveCfg = Debug|Any CPU
		{3BDE1035-A827-4124-AE75-140006596E8E}.Debug|Any CPU.Build.0 = Debug|Any CPU
		{3BDE1035-A827-4124-AE75-140006596E8E}.Release|Any CPU.ActiveCfg = Release|Any CPU
		{3BDE1035-A827-4124-AE75-140006596E8E}.Release|Any CPU.Build.0 = Release|Any CPU
	EndGlobalSection
	GlobalSection(SolutionProperties) = preSolution
		HideSolutionNode = FALSE
	EndGlobalSection
	GlobalSection(ExtensibilityGlobals) = postSolution
		SolutionGuid = {F8F1429F-36D6-44E1-A80E-1698F7597F1F}
	EndGlobalSection
EndGlobal
