
Microsoft Visual Studio Solution File, Format Version 12.00
# Visual Studio Version 17
VisualStudioVersion = 17.6.33829.357
MinimumVisualStudioVersion = 10.0.40219.1
Project("{9A19103F-16F7-4668-BE54-9A1E7A4F7556}") = "Exo_CourseAPied", "Exo_CourseAPied\Exo_CourseAPied.csproj", "{A366A0B8-08DF-426A-82ED-F90105371A4B}"
EndProject
Project("{FAE04EC0-301F-11D3-BF4B-00C04F79EFBC}") = "Exo_CourseAPied_TimeSpan", "Exo_CourseAPied_TimeSpan\Exo_CourseAPied_TimeSpan.csproj", "{F6B29879-A440-46BE-9378-116C68EDB008}"
EndProject
Global
	GlobalSection(SolutionConfigurationPlatforms) = preSolution
		Debug|Any CPU = Debug|Any CPU
		Release|Any CPU = Release|Any CPU
	EndGlobalSection
	GlobalSection(ProjectConfigurationPlatforms) = postSolution
		{A366A0B8-08DF-426A-82ED-F90105371A4B}.Debug|Any CPU.ActiveCfg = Debug|Any CPU
		{A366A0B8-08DF-426A-82ED-F90105371A4B}.Debug|Any CPU.Build.0 = Debug|Any CPU
		{A366A0B8-08DF-426A-82ED-F90105371A4B}.Release|Any CPU.ActiveCfg = Release|Any CPU
		{A366A0B8-08DF-426A-82ED-F90105371A4B}.Release|Any CPU.Build.0 = Release|Any CPU
		{F6B29879-A440-46BE-9378-116C68EDB008}.Debug|Any CPU.ActiveCfg = Debug|Any CPU
		{F6B29879-A440-46BE-9378-116C68EDB008}.Debug|Any CPU.Build.0 = Debug|Any CPU
		{F6B29879-A440-46BE-9378-116C68EDB008}.Release|Any CPU.ActiveCfg = Release|Any CPU
		{F6B29879-A440-46BE-9378-116C68EDB008}.Release|Any CPU.Build.0 = Release|Any CPU
	EndGlobalSection
	GlobalSection(SolutionProperties) = preSolution
		HideSolutionNode = FALSE
	EndGlobalSection
	GlobalSection(ExtensibilityGlobals) = postSolution
		SolutionGuid = {1FF6D298-589D-41F3-BDC2-B526E260CF96}
	EndGlobalSection
EndGlobal
