
Microsoft Visual Studio Solution File, Format Version 12.00
# Visual Studio Version 17
VisualStudioVersion = 17.6.33829.357
MinimumVisualStudioVersion = 10.0.40219.1
Project("{FAE04EC0-301F-11D3-BF4B-00C04F79EFBC}") = "Exo1", "Exo1\Exo1.csproj", "{272D01B0-01DC-4F82-83DA-2EA1C0A58B08}"
EndProject
Global
	GlobalSection(SolutionConfigurationPlatforms) = preSolution
		Debug|Any CPU = Debug|Any CPU
		Release|Any CPU = Release|Any CPU
	EndGlobalSection
	GlobalSection(ProjectConfigurationPlatforms) = postSolution
		{272D01B0-01DC-4F82-83DA-2EA1C0A58B08}.Debug|Any CPU.ActiveCfg = Debug|Any CPU
		{272D01B0-01DC-4F82-83DA-2EA1C0A58B08}.Debug|Any CPU.Build.0 = Debug|Any CPU
		{272D01B0-01DC-4F82-83DA-2EA1C0A58B08}.Release|Any CPU.ActiveCfg = Release|Any CPU
		{272D01B0-01DC-4F82-83DA-2EA1C0A58B08}.Release|Any CPU.Build.0 = Release|Any CPU
	EndGlobalSection
	GlobalSection(SolutionProperties) = preSolution
		HideSolutionNode = FALSE
	EndGlobalSection
	GlobalSection(ExtensibilityGlobals) = postSolution
		SolutionGuid = {60E89FF8-1473-4107-8CDC-5C2A2940752C}
	EndGlobalSection
EndGlobal
