
Microsoft Visual Studio Solution File, Format Version 12.00
# Visual Studio Version 17
VisualStudioVersion = 17.6.33829.357
MinimumVisualStudioVersion = 10.0.40219.1
Project("{FAE04EC0-301F-11D3-BF4B-00C04F79EFBC}") = "Exo1_List_Departements", "Exo1_List_Departements\Exo1_List_Departements.csproj", "{DA77F8D2-5EB7-4A29-A9AF-09AB6BAAD438}"
EndProject
Global
	GlobalSection(SolutionConfigurationPlatforms) = preSolution
		Debug|Any CPU = Debug|Any CPU
		Release|Any CPU = Release|Any CPU
	EndGlobalSection
	GlobalSection(ProjectConfigurationPlatforms) = postSolution
		{DA77F8D2-5EB7-4A29-A9AF-09AB6BAAD438}.Debug|Any CPU.ActiveCfg = Debug|Any CPU
		{DA77F8D2-5EB7-4A29-A9AF-09AB6BAAD438}.Debug|Any CPU.Build.0 = Debug|Any CPU
		{DA77F8D2-5EB7-4A29-A9AF-09AB6BAAD438}.Release|Any CPU.ActiveCfg = Release|Any CPU
		{DA77F8D2-5EB7-4A29-A9AF-09AB6BAAD438}.Release|Any CPU.Build.0 = Release|Any CPU
	EndGlobalSection
	GlobalSection(SolutionProperties) = preSolution
		HideSolutionNode = FALSE
	EndGlobalSection
	GlobalSection(ExtensibilityGlobals) = postSolution
		SolutionGuid = {DDDA183E-C82D-4A7F-90B6-2B3D10B84747}
	EndGlobalSection
EndGlobal
