
Microsoft Visual Studio Solution File, Format Version 12.00
# Visual Studio Version 17
VisualStudioVersion = 17.6.33829.357
MinimumVisualStudioVersion = 10.0.40219.1
Project("{FAE04EC0-301F-11D3-BF4B-00C04F79EFBC}") = "Exo1_AlgoCumulMoyenne", "Exo1_AlgoCumulMoyenne\Exo1_AlgoCumulMoyenne.csproj", "{BB4FFE8A-690B-4EE1-9FF7-BC46156DB5F3}"
EndProject
Project("{FAE04EC0-301F-11D3-BF4B-00C04F79EFBC}") = "Exo2_UneTable", "Exo2_UneTable\Exo2_UneTable.csproj", "{1EC90616-29EA-4629-B646-E93608A15476}"
EndProject
Project("{FAE04EC0-301F-11D3-BF4B-00C04F79EFBC}") = "Exo2_ToutesLesTables", "Exo2_ToutesLesTables\Exo2_ToutesLesTables.csproj", "{8AFD5353-0A56-4474-9388-3A99BE40346C}"
EndProject
Project("{FAE04EC0-301F-11D3-BF4B-00C04F79EFBC}") = "Exo2_ToutesLesTables_AvecMethodes", "Exo2_ToutesLesTables_AvecMethodes\Exo2_ToutesLesTables_AvecMethodes.csproj", "{9C1E9319-EF34-4CA2-A257-262320BF1247}"
EndProject
Project("{FAE04EC0-301F-11D3-BF4B-00C04F79EFBC}") = "Exo_Fun", "Exo_Fun\Exo_Fun.csproj", "{436315C8-A346-4E1C-A977-9A34C9CFFDE8}"
EndProject
Global
	GlobalSection(SolutionConfigurationPlatforms) = preSolution
		Debug|Any CPU = Debug|Any CPU
		Release|Any CPU = Release|Any CPU
	EndGlobalSection
	GlobalSection(ProjectConfigurationPlatforms) = postSolution
		{BB4FFE8A-690B-4EE1-9FF7-BC46156DB5F3}.Debug|Any CPU.ActiveCfg = Debug|Any CPU
		{BB4FFE8A-690B-4EE1-9FF7-BC46156DB5F3}.Debug|Any CPU.Build.0 = Debug|Any CPU
		{BB4FFE8A-690B-4EE1-9FF7-BC46156DB5F3}.Release|Any CPU.ActiveCfg = Release|Any CPU
		{BB4FFE8A-690B-4EE1-9FF7-BC46156DB5F3}.Release|Any CPU.Build.0 = Release|Any CPU
		{1EC90616-29EA-4629-B646-E93608A15476}.Debug|Any CPU.ActiveCfg = Debug|Any CPU
		{1EC90616-29EA-4629-B646-E93608A15476}.Debug|Any CPU.Build.0 = Debug|Any CPU
		{1EC90616-29EA-4629-B646-E93608A15476}.Release|Any CPU.ActiveCfg = Release|Any CPU
		{1EC90616-29EA-4629-B646-E93608A15476}.Release|Any CPU.Build.0 = Release|Any CPU
		{8AFD5353-0A56-4474-9388-3A99BE40346C}.Debug|Any CPU.ActiveCfg = Debug|Any CPU
		{8AFD5353-0A56-4474-9388-3A99BE40346C}.Debug|Any CPU.Build.0 = Debug|Any CPU
		{8AFD5353-0A56-4474-9388-3A99BE40346C}.Release|Any CPU.ActiveCfg = Release|Any CPU
		{8AFD5353-0A56-4474-9388-3A99BE40346C}.Release|Any CPU.Build.0 = Release|Any CPU
		{9C1E9319-EF34-4CA2-A257-262320BF1247}.Debug|Any CPU.ActiveCfg = Debug|Any CPU
		{9C1E9319-EF34-4CA2-A257-262320BF1247}.Debug|Any CPU.Build.0 = Debug|Any CPU
		{9C1E9319-EF34-4CA2-A257-262320BF1247}.Release|Any CPU.ActiveCfg = Release|Any CPU
		{9C1E9319-EF34-4CA2-A257-262320BF1247}.Release|Any CPU.Build.0 = Release|Any CPU
		{436315C8-A346-4E1C-A977-9A34C9CFFDE8}.Debug|Any CPU.ActiveCfg = Debug|Any CPU
		{436315C8-A346-4E1C-A977-9A34C9CFFDE8}.Debug|Any CPU.Build.0 = Debug|Any CPU
		{436315C8-A346-4E1C-A977-9A34C9CFFDE8}.Release|Any CPU.ActiveCfg = Release|Any CPU
		{436315C8-A346-4E1C-A977-9A34C9CFFDE8}.Release|Any CPU.Build.0 = Release|Any CPU
	EndGlobalSection
	GlobalSection(SolutionProperties) = preSolution
		HideSolutionNode = FALSE
	EndGlobalSection
	GlobalSection(ExtensibilityGlobals) = postSolution
		SolutionGuid = {97E537D0-92B3-4F66-9B4B-2CFFF4021DD1}
	EndGlobalSection
EndGlobal
