
Microsoft Visual Studio Solution File, Format Version 12.00
# Visual Studio Version 17
VisualStudioVersion = 17.6.33829.357
MinimumVisualStudioVersion = 10.0.40219.1
Project("{FAE04EC0-301F-11D3-BF4B-00C04F79EFBC}") = "Exo1", "Exo1\Exo1.csproj", "{DB98D477-6681-486C-BA85-BD3F4949EAD6}"
EndProject
Global
	GlobalSection(SolutionConfigurationPlatforms) = preSolution
		Debug|Any CPU = Debug|Any CPU
		Release|Any CPU = Release|Any CPU
	EndGlobalSection
	GlobalSection(ProjectConfigurationPlatforms) = postSolution
		{DB98D477-6681-486C-BA85-BD3F4949EAD6}.Debug|Any CPU.ActiveCfg = Debug|Any CPU
		{DB98D477-6681-486C-BA85-BD3F4949EAD6}.Debug|Any CPU.Build.0 = Debug|Any CPU
		{DB98D477-6681-486C-BA85-BD3F4949EAD6}.Release|Any CPU.ActiveCfg = Release|Any CPU
		{DB98D477-6681-486C-BA85-BD3F4949EAD6}.Release|Any CPU.Build.0 = Release|Any CPU
	EndGlobalSection
	GlobalSection(SolutionProperties) = preSolution
		HideSolutionNode = FALSE
	EndGlobalSection
	GlobalSection(ExtensibilityGlobals) = postSolution
		SolutionGuid = {FA8FB44B-C0BA-4D02-8116-7C90887DA20B}
	EndGlobalSection
EndGlobal
