
Microsoft Visual Studio Solution File, Format Version 12.00
# Visual Studio Version 17
VisualStudioVersion = 17.6.33829.357
MinimumVisualStudioVersion = 10.0.40219.1
Project("{FAE04EC0-301F-11D3-BF4B-00C04F79EFBC}") = "Seance3_TableauxVille", "Seance3_TableauxVille\Seance3_TableauxVille.csproj", "{855D4711-CACC-49E4-8FF0-19C14DFDDAA4}"
EndProject
Global
	GlobalSection(SolutionConfigurationPlatforms) = preSolution
		Debug|Any CPU = Debug|Any CPU
		Release|Any CPU = Release|Any CPU
	EndGlobalSection
	GlobalSection(ProjectConfigurationPlatforms) = postSolution
		{855D4711-CACC-49E4-8FF0-19C14DFDDAA4}.Debug|Any CPU.ActiveCfg = Debug|Any CPU
		{855D4711-CACC-49E4-8FF0-19C14DFDDAA4}.Debug|Any CPU.Build.0 = Debug|Any CPU
		{855D4711-CACC-49E4-8FF0-19C14DFDDAA4}.Release|Any CPU.ActiveCfg = Release|Any CPU
		{855D4711-CACC-49E4-8FF0-19C14DFDDAA4}.Release|Any CPU.Build.0 = Release|Any CPU
	EndGlobalSection
	GlobalSection(SolutionProperties) = preSolution
		HideSolutionNode = FALSE
	EndGlobalSection
	GlobalSection(ExtensibilityGlobals) = postSolution
		SolutionGuid = {E27FC033-801B-4FBC-A273-2A91CF8636E2}
	EndGlobalSection
EndGlobal
