
Microsoft Visual Studio Solution File, Format Version 12.00
# Visual Studio Version 17
VisualStudioVersion = 17.6.33829.357
MinimumVisualStudioVersion = 10.0.40219.1
Project("{9A19103F-16F7-4668-BE54-9A1E7A4F7556}") = "Exo1_FormatTxt", "Exo1_FormatTxt\Exo1_FormatTxt.csproj", "{09AF34C3-2770-4E46-9D2E-483E34BB7E2D}"
EndProject
Project("{FAE04EC0-301F-11D3-BF4B-00C04F79EFBC}") = "Exo2_FormatCSV", "Exo2_FormatCSV\Exo2_FormatCSV.csproj", "{4AC4B2AF-742C-4A2C-A8D7-E69D332DFBAB}"
EndProject
Project("{FAE04EC0-301F-11D3-BF4B-00C04F79EFBC}") = "Exo3_FormatJSON", "Exo3_FormatJSON\Exo3_FormatJSON.csproj", "{8AC1CC31-8512-4E74-9661-391D7AF04F9F}"
EndProject
Project("{FAE04EC0-301F-11D3-BF4B-00C04F79EFBC}") = "Exo4_FormatXML", "Exo4_FormatXML\Exo4_FormatXML.csproj", "{9D9ED953-DA81-4CBF-BDC4-E08B4683D90C}"
EndProject
Global
	GlobalSection(SolutionConfigurationPlatforms) = preSolution
		Debug|Any CPU = Debug|Any CPU
		Release|Any CPU = Release|Any CPU
	EndGlobalSection
	GlobalSection(ProjectConfigurationPlatforms) = postSolution
		{09AF34C3-2770-4E46-9D2E-483E34BB7E2D}.Debug|Any CPU.ActiveCfg = Debug|Any CPU
		{09AF34C3-2770-4E46-9D2E-483E34BB7E2D}.Debug|Any CPU.Build.0 = Debug|Any CPU
		{09AF34C3-2770-4E46-9D2E-483E34BB7E2D}.Release|Any CPU.ActiveCfg = Release|Any CPU
		{09AF34C3-2770-4E46-9D2E-483E34BB7E2D}.Release|Any CPU.Build.0 = Release|Any CPU
		{4AC4B2AF-742C-4A2C-A8D7-E69D332DFBAB}.Debug|Any CPU.ActiveCfg = Debug|Any CPU
		{4AC4B2AF-742C-4A2C-A8D7-E69D332DFBAB}.Debug|Any CPU.Build.0 = Debug|Any CPU
		{4AC4B2AF-742C-4A2C-A8D7-E69D332DFBAB}.Release|Any CPU.ActiveCfg = Release|Any CPU
		{4AC4B2AF-742C-4A2C-A8D7-E69D332DFBAB}.Release|Any CPU.Build.0 = Release|Any CPU
		{8AC1CC31-8512-4E74-9661-391D7AF04F9F}.Debug|Any CPU.ActiveCfg = Debug|Any CPU
		{8AC1CC31-8512-4E74-9661-391D7AF04F9F}.Debug|Any CPU.Build.0 = Debug|Any CPU
		{8AC1CC31-8512-4E74-9661-391D7AF04F9F}.Release|Any CPU.ActiveCfg = Release|Any CPU
		{8AC1CC31-8512-4E74-9661-391D7AF04F9F}.Release|Any CPU.Build.0 = Release|Any CPU
		{9D9ED953-DA81-4CBF-BDC4-E08B4683D90C}.Debug|Any CPU.ActiveCfg = Debug|Any CPU
		{9D9ED953-DA81-4CBF-BDC4-E08B4683D90C}.Debug|Any CPU.Build.0 = Debug|Any CPU
		{9D9ED953-DA81-4CBF-BDC4-E08B4683D90C}.Release|Any CPU.ActiveCfg = Release|Any CPU
		{9D9ED953-DA81-4CBF-BDC4-E08B4683D90C}.Release|Any CPU.Build.0 = Release|Any CPU
	EndGlobalSection
	GlobalSection(SolutionProperties) = preSolution
		HideSolutionNode = FALSE
	EndGlobalSection
	GlobalSection(ExtensibilityGlobals) = postSolution
		SolutionGuid = {D03411AF-D3D4-4307-B181-3AA0C435204B}
	EndGlobalSection
EndGlobal
